// !$*UTF8*$!
{
	archiveVersion = 1;
	classes = {
	};
	objectVersion = 50;
	objects = {

/* Begin PBXBuildFile section */
		4F73120522D5C0DC0017443B /* AppDelegate.m in Sources */ = {isa = PBXBuildFile; fileRef = 4F73120422D5C0DC0017443B /* AppDelegate.m */; };
		4F73120822D5C0DC0017443B /* ViewController.m in Sources */ = {isa = PBXBuildFile; fileRef = 4F73120722D5C0DC0017443B /* ViewController.m */; };
		4F73120B22D5C0DC0017443B /* Main.storyboard in Resources */ = {isa = PBXBuildFile; fileRef = 4F73120922D5C0DC0017443B /* Main.storyboard */; };
		4F73120D22D5C0DD0017443B /* Assets.xcassets in Resources */ = {isa = PBXBuildFile; fileRef = 4F73120C22D5C0DD0017443B /* Assets.xcassets */; };
		4F73121022D5C0DD0017443B /* LaunchScreen.storyboard in Resources */ = {isa = PBXBuildFile; fileRef = 4F73120E22D5C0DD0017443B /* LaunchScreen.storyboard */; };
		4F73121322D5C0DD0017443B /* main.m in Sources */ = {isa = PBXBuildFile; fileRef = 4F73121222D5C0DD0017443B /* main.m */; };
		4F73121D22D5C0DD0017443B /* StartProject_iOSTests.m in Sources */ = {isa = PBXBuildFile; fileRef = 4F73121C22D5C0DD0017443B /* StartProject_iOSTests.m */; };
		4F73122822D5C0DD0017443B /* StartProject_iOSUITests.m in Sources */ = {isa = PBXBuildFile; fileRef = 4F73122722D5C0DD0017443B /* StartProject_iOSUITests.m */; };
/* End PBXBuildFile section */

/* Begin PBXContainerItemProxy section */
		4F73121922D5C0DD0017443B /* PBXContainerItemProxy */ = {
			isa = PBXContainerItemProxy;
			containerPortal = 4F7311F822D5C0DC0017443B /* Project object */;
			proxyType = 1;
			remoteGlobalIDString = 4F7311FF22D5C0DC0017443B;
			remoteInfo = "StartProject-iOS";
		};
		4F73122422D5C0DD0017443B /* PBXContainerItemProxy */ = {
			isa = PBXContainerItemProxy;
			containerPortal = 4F7311F822D5C0DC0017443B /* Project object */;
			proxyType = 1;
			remoteGlobalIDString = 4F7311FF22D5C0DC0017443B;
			remoteInfo = "StartProject-iOS";
		};
/* End PBXContainerItemProxy section */

/* Begin PBXFileReference section */
		4F73120022D5C0DC0017443B /* StartProject-iOS.app */ = {isa = PBXFileReference; explicitFileType = wrapper.application; includeInIndex = 0; path = "StartProject-iOS.app"; sourceTree = BUILT_PRODUCTS_DIR; };
		4F73120322D5C0DC0017443B /* AppDelegate.h */ = {isa = PBXFileReference; lastKnownFileType = sourcecode.c.h; path = AppDelegate.h; sourceTree = "<group>"; };
		4F73120422D5C0DC0017443B /* AppDelegate.m */ = {isa = PBXFileReference; lastKnownFileType = sourcecode.c.objc; path = AppDelegate.m; sourceTree = "<group>"; };
		4F73120622D5C0DC0017443B /* ViewController.h */ = {isa = PBXFileReference; lastKnownFileType = sourcecode.c.h; path = ViewController.h; sourceTree = "<group>"; };
		4F73120722D5C0DC0017443B /* ViewController.m */ = {isa = PBXFileReference; lastKnownFileType = sourcecode.c.objc; path = ViewController.m; sourceTree = "<group>"; };
		4F73120A22D5C0DC0017443B /* Base */ = {isa = PBXFileReference; lastKnownFileType = file.storyboard; name = Base; path = Base.lproj/Main.storyboard; sourceTree = "<group>"; };
		4F73120C22D5C0DD0017443B /* Assets.xcassets */ = {isa = PBXFileReference; lastKnownFileType = folder.assetcatalog; path = Assets.xcassets; sourceTree = "<group>"; };
		4F73120F22D5C0DD0017443B /* Base */ = {isa = PBXFileReference; lastKnownFileType = file.storyboard; name = Base; path = Base.lproj/LaunchScreen.storyboard; sourceTree = "<group>"; };
		4F73121122D5C0DD0017443B /* Info.plist */ = {isa = PBXFileReference; lastKnownFileType = text.plist.xml; path = Info.plist; sourceTree = "<group>"; };
		4F73121222D5C0DD0017443B /* main.m */ = {isa = PBXFileReference; lastKnownFileType = sourcecode.c.objc; path = main.m; sourceTree = "<group>"; };
		4F73121822D5C0DD0017443B /* StartProject-iOSTests.xctest */ = {isa = PBXFileReference; explicitFileType = wrapper.cfbundle; includeInIndex = 0; path = "StartProject-iOSTests.xctest"; sourceTree = BUILT_PRODUCTS_DIR; };
		4F73121C22D5C0DD0017443B /* StartProject_iOSTests.m */ = {isa = PBXFileReference; lastKnownFileType = sourcecode.c.objc; path = StartProject_iOSTests.m; sourceTree = "<group>"; };
		4F73121E22D5C0DD0017443B /* Info.plist */ = {isa = PBXFileReference; lastKnownFileType = text.plist.xml; path = Info.plist; sourceTree = "<group>"; };
		4F73122322D5C0DD0017443B /* StartProject-iOSUITests.xctest */ = {isa = PBXFileReference; explicitFileType = wrapper.cfbundle; includeInIndex = 0; path = "StartProject-iOSUITests.xctest"; sourceTree = BUILT_PRODUCTS_DIR; };
		4F73122722D5C0DD0017443B /* StartProject_iOSUITests.m */ = {isa = PBXFileReference; lastKnownFileType = sourcecode.c.objc; path = StartProject_iOSUITests.m; sourceTree = "<group>"; };
		4F73122922D5C0DD0017443B /* Info.plist */ = {isa = PBXFileReference; lastKnownFileType = text.plist.xml; path = Info.plist; sourceTree = "<group>"; };
		4F73123522D5C1940017443B /* AppMacroDefine.h */ = {isa = PBXFileReference; lastKnownFileType = sourcecode.c.h; path = AppMacroDefine.h; sourceTree = "<group>"; };
/* End PBXFileReference section */

/* Begin PBXFrameworksBuildPhase section */
		4F7311FD22D5C0DC0017443B /* Frameworks */ = {
			isa = PBXFrameworksBuildPhase;
			buildActionMask = 2147483647;
			files = (
			);
			runOnlyForDeploymentPostprocessing = 0;
		};
		4F73121522D5C0DD0017443B /* Frameworks */ = {
			isa = PBXFrameworksBuildPhase;
			buildActionMask = 2147483647;
			files = (
			);
			runOnlyForDeploymentPostprocessing = 0;
		};
		4F73122022D5C0DD0017443B /* Frameworks */ = {
			isa = PBXFrameworksBuildPhase;
			buildActionMask = 2147483647;
			files = (
			);
			runOnlyForDeploymentPostprocessing = 0;
		};
/* End PBXFrameworksBuildPhase section */

/* Begin PBXGroup section */
		4F7311F722D5C0DC0017443B = {
			isa = PBXGroup;
			children = (
				4F73120222D5C0DC0017443B /* StartProject-iOS */,
				4F73121B22D5C0DD0017443B /* StartProject-iOSTests */,
				4F73122622D5C0DD0017443B /* StartProject-iOSUITests */,
				4F73120122D5C0DC0017443B /* Products */,
			);
			sourceTree = "<group>";
		};
		4F73120122D5C0DC0017443B /* Products */ = {
			isa = PBXGroup;
			children = (
				4F73120022D5C0DC0017443B /* StartProject-iOS.app */,
				4F73121822D5C0DD0017443B /* StartProject-iOSTests.xctest */,
				4F73122322D5C0DD0017443B /* StartProject-iOSUITests.xctest */,
			);
			name = Products;
			sourceTree = "<group>";
		};
		4F73120222D5C0DC0017443B /* StartProject-iOS */ = {
			isa = PBXGroup;
			children = (
				4F73120322D5C0DC0017443B /* AppDelegate.h */,
				4F73120422D5C0DC0017443B /* AppDelegate.m */,
				4F73120622D5C0DC0017443B /* ViewController.h */,
				4F73120722D5C0DC0017443B /* ViewController.m */,
				4F73120922D5C0DC0017443B /* Main.storyboard */,
				4F73120C22D5C0DD0017443B /* Assets.xcassets */,
				4F73120E22D5C0DD0017443B /* LaunchScreen.storyboard */,
				4F73121122D5C0DD0017443B /* Info.plist */,
				4F73121222D5C0DD0017443B /* main.m */,
				4F73123522D5C1940017443B /* AppMacroDefine.h */,
			);
			path = "StartProject-iOS";
			sourceTree = "<group>";
		};
		4F73121B22D5C0DD0017443B /* StartProject-iOSTests */ = {
			isa = PBXGroup;
			children = (
				4F73121C22D5C0DD0017443B /* StartProject_iOSTests.m */,
				4F73121E22D5C0DD0017443B /* Info.plist */,
			);
			path = "StartProject-iOSTests";
			sourceTree = "<group>";
		};
		4F73122622D5C0DD0017443B /* StartProject-iOSUITests */ = {
			isa = PBXGroup;
			children = (
				4F73122722D5C0DD0017443B /* StartProject_iOSUITests.m */,
				4F73122922D5C0DD0017443B /* Info.plist */,
			);
			path = "StartProject-iOSUITests";
			sourceTree = "<group>";
		};
/* End PBXGroup section */

/* Begin PBXNativeTarget section */
		4F7311FF22D5C0DC0017443B /* StartProject-iOS */ = {
			isa = PBXNativeTarget;
			buildConfigurationList = 4F73122C22D5C0DD0017443B /* Build configuration list for PBXNativeTarget "StartProject-iOS" */;
			buildPhases = (
				4F7311FC22D5C0DC0017443B /* Sources */,
				4F7311FD22D5C0DC0017443B /* Frameworks */,
				4F7311FE22D5C0DC0017443B /* Resources */,
			);
			buildRules = (
			);
			dependencies = (
			);
			name = "StartProject-iOS";
			productName = "StartProject-iOS";
			productReference = 4F73120022D5C0DC0017443B /* StartProject-iOS.app */;
			productType = "com.apple.product-type.application";
		};
		4F73121722D5C0DD0017443B /* StartProject-iOSTests */ = {
			isa = PBXNativeTarget;
			buildConfigurationList = 4F73122F22D5C0DD0017443B /* Build configuration list for PBXNativeTarget "StartProject-iOSTests" */;
			buildPhases = (
				4F73121422D5C0DD0017443B /* Sources */,
				4F73121522D5C0DD0017443B /* Frameworks */,
				4F73121622D5C0DD0017443B /* Resources */,
			);
			buildRules = (
			);
			dependencies = (
				4F73121A22D5C0DD0017443B /* PBXTargetDependency */,
			);
			name = "StartProject-iOSTests";
			productName = "StartProject-iOSTests";
			productReference = 4F73121822D5C0DD0017443B /* StartProject-iOSTests.xctest */;
			productType = "com.apple.product-type.bundle.unit-test";
		};
		4F73122222D5C0DD0017443B /* StartProject-iOSUITests */ = {
			isa = PBXNativeTarget;
			buildConfigurationList = 4F73123222D5C0DD0017443B /* Build configuration list for PBXNativeTarget "StartProject-iOSUITests" */;
			buildPhases = (
				4F73121F22D5C0DD0017443B /* Sources */,
				4F73122022D5C0DD0017443B /* Frameworks */,
				4F73122122D5C0DD0017443B /* Resources */,
			);
			buildRules = (
			);
			dependencies = (
				4F73122522D5C0DD0017443B /* PBXTargetDependency */,
			);
			name = "StartProject-iOSUITests";
			productName = "StartProject-iOSUITests";
			productReference = 4F73122322D5C0DD0017443B /* StartProject-iOSUITests.xctest */;
			productType = "com.apple.product-type.bundle.ui-testing";
		};
/* End PBXNativeTarget section */

/* Begin PBXProject section */
		4F7311F822D5C0DC0017443B /* Project object */ = {
			isa = PBXProject;
			attributes = {
				LastUpgradeCheck = 1020;
				ORGANIZATIONNAME = "萤火虫";
				TargetAttributes = {
					4F7311FF22D5C0DC0017443B = {
						CreatedOnToolsVersion = 10.2;
					};
					4F73121722D5C0DD0017443B = {
						CreatedOnToolsVersion = 10.2;
						TestTargetID = 4F7311FF22D5C0DC0017443B;
					};
					4F73122222D5C0DD0017443B = {
						CreatedOnToolsVersion = 10.2;
						TestTargetID = 4F7311FF22D5C0DC0017443B;
					};
				};
			};
			buildConfigurationList = 4F7311FB22D5C0DC0017443B /* Build configuration list for PBXProject "StartProject-iOS" */;
			compatibilityVersion = "Xcode 9.3";
			developmentRegion = en;
			hasScannedForEncodings = 0;
			knownRegions = (
				en,
				Base,
			);
			mainGroup = 4F7311F722D5C0DC0017443B;
			productRefGroup = 4F73120122D5C0DC0017443B /* Products */;
			projectDirPath = "";
			projectRoot = "";
			targets = (
				4F7311FF22D5C0DC0017443B /* StartProject-iOS */,
				4F73121722D5C0DD0017443B /* StartProject-iOSTests */,
				4F73122222D5C0DD0017443B /* StartProject-iOSUITests */,
			);
		};
/* End PBXProject section */

/* Begin PBXResourcesBuildPhase section */
		4F7311FE22D5C0DC0017443B /* Resources */ = {
			isa = PBXResourcesBuildPhase;
			buildActionMask = 2147483647;
			files = (
				4F73121022D5C0DD0017443B /* LaunchScreen.storyboard in Resources */,
				4F73120D22D5C0DD0017443B /* Assets.xcassets in Resources */,
				4F73120B22D5C0DC0017443B /* Main.storyboard in Resources */,
			);
			runOnlyForDeploymentPostprocessing = 0;
		};
		4F73121622D5C0DD0017443B /* Resources */ = {
			isa = PBXResourcesBuildPhase;
			buildActionMask = 2147483647;
			files = (
			);
			runOnlyForDeploymentPostprocessing = 0;
		};
		4F73122122D5C0DD0017443B /* Resources */ = {
			isa = PBXResourcesBuildPhase;
			buildActionMask = 2147483647;
			files = (
			);
			runOnlyForDeploymentPostprocessing = 0;
		};
/* End PBXResourcesBuildPhase section */

/* Begin PBXSourcesBuildPhase section */
		4F7311FC22D5C0DC0017443B /* Sources */ = {
			isa = PBXSourcesBuildPhase;
			buildActionMask = 2147483647;
			files = (
				4F73120822D5C0DC0017443B /* ViewController.m in Sources */,
				4F73121322D5C0DD0017443B /* main.m in Sources */,
				4F73120522D5C0DC0017443B /* AppDelegate.m in Sources */,
			);
			runOnlyForDeploymentPostprocessing = 0;
		};
		4F73121422D5C0DD0017443B /* Sources */ = {
			isa = PBXSourcesBuildPhase;
			buildActionMask = 2147483647;
			files = (
				4F73121D22D5C0DD0017443B /* StartProject_iOSTests.m in Sources */,
			);
			runOnlyForDeploymentPostprocessing = 0;
		};
		4F73121F22D5C0DD0017443B /* Sources */ = {
			isa = PBXSourcesBuildPhase;
			buildActionMask = 2147483647;
			files = (
				4F73122822D5C0DD0017443B /* StartProject_iOSUITests.m in Sources */,
			);
			runOnlyForDeploymentPostprocessing = 0;
		};
/* End PBXSourcesBuildPhase section */

/* Begin PBXTargetDependency section */
		4F73121A22D5C0DD0017443B /* PBXTargetDependency */ = {
			isa = PBXTargetDependency;
			target = 4F7311FF22D5C0DC0017443B /* StartProject-iOS */;
			targetProxy = 4F73121922D5C0DD0017443B /* PBXContainerItemProxy */;
		};
		4F73122522D5C0DD0017443B /* PBXTargetDependency */ = {
			isa = PBXTargetDependency;
			target = 4F7311FF22D5C0DC0017443B /* StartProject-iOS */;
			targetProxy = 4F73122422D5C0DD0017443B /* PBXContainerItemProxy */;
		};
/* End PBXTargetDependency section */

/* Begin PBXVariantGroup section */
		4F73120922D5C0DC0017443B /* Main.storyboard */ = {
			isa = PBXVariantGroup;
			children = (
				4F73120A22D5C0DC0017443B /* Base */,
			);
			name = Main.storyboard;
			sourceTree = "<group>";
		};
		4F73120E22D5C0DD0017443B /* LaunchScreen.storyboard */ = {
			isa = PBXVariantGroup;
			children = (
				4F73120F22D5C0DD0017443B /* Base */,
			);
			name = LaunchScreen.storyboard;
			sourceTree = "<group>";
		};
/* End PBXVariantGroup section */

/* Begin XCBuildConfiguration section */
		4F73122A22D5C0DD0017443B /* Debug */ = {
			isa = XCBuildConfiguration;
			buildSettings = {
				ALWAYS_SEARCH_USER_PATHS = NO;
				CLANG_ANALYZER_NONNULL = YES;
				CLANG_ANALYZER_NUMBER_OBJECT_CONVERSION = YES_AGGRESSIVE;
				CLANG_CXX_LANGUAGE_STANDARD = "gnu++14";
				CLANG_CXX_LIBRARY = "libc++";
				CLANG_ENABLE_MODULES = YES;
				CLANG_ENABLE_OBJC_ARC = YES;
				CLANG_ENABLE_OBJC_WEAK = YES;
				CLANG_WARN_BLOCK_CAPTURE_AUTORELEASING = YES;
				CLANG_WARN_BOOL_CONVERSION = YES;
				CLANG_WARN_COMMA = YES;
				CLANG_WARN_CONSTANT_CONVERSION = YES;
				CLANG_WARN_DEPRECATED_OBJC_IMPLEMENTATIONS = YES;
				CLANG_WARN_DIRECT_OBJC_ISA_USAGE = YES_ERROR;
				CLANG_WARN_DOCUMENTATION_COMMENTS = YES;
				CLANG_WARN_EMPTY_BODY = YES;
				CLANG_WARN_ENUM_CONVERSION = YES;
				CLANG_WARN_INFINITE_RECURSION = YES;
				CLANG_WARN_INT_CONVERSION = YES;
				CLANG_WARN_NON_LITERAL_NULL_CONVERSION = YES;
				CLANG_WARN_OBJC_IMPLICIT_RETAIN_SELF = YES;
				CLANG_WARN_OBJC_LITERAL_CONVERSION = YES;
				CLANG_WARN_OBJC_ROOT_CLASS = YES_ERROR;
				CLANG_WARN_RANGE_LOOP_ANALYSIS = YES;
				CLANG_WARN_STRICT_PROTOTYPES = YES;
				CLANG_WARN_SUSPICIOUS_MOVE = YES;
				CLANG_WARN_UNGUARDED_AVAILABILITY = YES_AGGRESSIVE;
				CLANG_WARN_UNREACHABLE_CODE = YES;
				CLANG_WARN__DUPLICATE_METHOD_MATCH = YES;
				CODE_SIGN_IDENTITY = "iPhone Developer";
				COPY_PHASE_STRIP = NO;
				DEBUG_INFORMATION_FORMAT = dwarf;
				ENABLE_STRICT_OBJC_MSGSEND = YES;
				ENABLE_TESTABILITY = YES;
				GCC_C_LANGUAGE_STANDARD = gnu11;
				GCC_DYNAMIC_NO_PIC = NO;
				GCC_NO_COMMON_BLOCKS = YES;
				GCC_OPTIMIZATION_LEVEL = 0;
				GCC_PREPROCESSOR_DEFINITIONS = (
					"DEBUG=1",
					"$(inherited)",
				);
				GCC_WARN_64_TO_32_BIT_CONVERSION = YES;
				GCC_WARN_ABOUT_RETURN_TYPE = YES_ERROR;
				GCC_WARN_UNDECLARED_SELECTOR = YES;
				GCC_WARN_UNINITIALIZED_AUTOS = YES_AGGRESSIVE;
				GCC_WARN_UNUSED_FUNCTION = YES;
				GCC_WARN_UNUSED_VARIABLE = YES;
				IPHONEOS_DEPLOYMENT_TARGET = 12.2;
				MTL_ENABLE_DEBUG_INFO = INCLUDE_SOURCE;
				MTL_FAST_MATH = YES;
				ONLY_ACTIVE_ARCH = YES;
				SDKROOT = iphoneos;
			};
			name = Debug;
		};
		4F73122B22D5C0DD0017443B /* Release */ = {
			isa = XCBuildConfiguration;
			buildSettings = {
				ALWAYS_SEARCH_USER_PATHS = NO;
				CLANG_ANALYZER_NONNULL = YES;
				CLANG_ANALYZER_NUMBER_OBJECT_CONVERSION = YES_AGGRESSIVE;
				CLANG_CXX_LANGUAGE_STANDARD = "gnu++14";
				CLANG_CXX_LIBRARY = "libc++";
				CLANG_ENABLE_MODULES = YES;
				CLANG_ENABLE_OBJC_ARC = YES;
				CLANG_ENABLE_OBJC_WEAK = YES;
				CLANG_WARN_BLOCK_CAPTURE_AUTORELEASING = YES;
				CLANG_WARN_BOOL_CONVERSION = YES;
				CLANG_WARN_COMMA = YES;
				CLANG_WARN_CONSTANT_CONVERSION = YES;
				CLANG_WARN_DEPRECATED_OBJC_IMPLEMENTATIONS = YES;
				CLANG_WARN_DIRECT_OBJC_ISA_USAGE = YES_ERROR;
				CLANG_WARN_DOCUMENTATION_COMMENTS = YES;
				CLANG_WARN_EMPTY_BODY = YES;
				CLANG_WARN_ENUM_CONVERSION = YES;
				CLANG_WARN_INFINITE_RECURSION = YES;
				CLANG_WARN_INT_CONVERSION = YES;
				CLANG_WARN_NON_LITERAL_NULL_CONVERSION = YES;
				CLANG_WARN_OBJC_IMPLICIT_RETAIN_SELF = YES;
				CLANG_WARN_OBJC_LITERAL_CONVERSION = YES;
				CLANG_WARN_OBJC_ROOT_CLASS = YES_ERROR;
				CLANG_WARN_RANGE_LOOP_ANALYSIS = YES;
				CLANG_WARN_STRICT_PROTOTYPES = YES;
				CLANG_WARN_SUSPICIOUS_MOVE = YES;
				CLANG_WARN_UNGUARDED_AVAILABILITY = YES_AGGRESSIVE;
				CLANG_WARN_UNREACHABLE_CODE = YES;
				CLANG_WARN__DUPLICATE_METHOD_MATCH = YES;
				CODE_SIGN_IDENTITY = "iPhone Developer";
				COPY_PHASE_STRIP = NO;
				DEBUG_INFORMATION_FORMAT = "dwarf-with-dsym";
				ENABLE_NS_ASSERTIONS = NO;
				ENABLE_STRICT_OBJC_MSGSEND = YES;
				GCC_C_LANGUAGE_STANDARD = gnu11;
				GCC_NO_COMMON_BLOCKS = YES;
				GCC_WARN_64_TO_32_BIT_CONVERSION = YES;
				GCC_WARN_ABOUT_RETURN_TYPE = YES_ERROR;
				GCC_WARN_UNDECLARED_SELECTOR = YES;
				GCC_WARN_UNINITIALIZED_AUTOS = YES_AGGRESSIVE;
				GCC_WARN_UNUSED_FUNCTION = YES;
				GCC_WARN_UNUSED_VARIABLE = YES;
				IPHONEOS_DEPLOYMENT_TARGET = 12.2;
				MTL_ENABLE_DEBUG_INFO = NO;
				MTL_FAST_MATH = YES;
				SDKROOT = iphoneos;
				VALIDATE_PRODUCT = YES;
			};
			name = Release;
		};
		4F73122D22D5C0DD0017443B /* Debug */ = {
			isa = XCBuildConfiguration;
			buildSettings = {
				ASSETCATALOG_COMPILER_APPICON_NAME = AppIcon;
				CODE_SIGN_STYLE = Automatic;
				INFOPLIST_FILE = "StartProject-iOS/Info.plist";
				LD_RUNPATH_SEARCH_PATHS = (
					"$(inherited)",
					"@executable_path/Frameworks",
				);
				PRODUCT_BUNDLE_IDENTIFIER = "com.firefly.StartProject-iOS";
				PRODUCT_NAME = "$(TARGET_NAME)";
				TARGETED_DEVICE_FAMILY = "1,2";
			};
			name = Debug;
		};
		4F73122E22D5C0DD0017443B /* Release */ = {
			isa = XCBuildConfiguration;
			buildSettings = {
				ASSETCATALOG_COMPILER_APPICON_NAME = AppIcon;
				CODE_SIGN_STYLE = Automatic;
				INFOPLIST_FILE = "StartProject-iOS/Info.plist";
				LD_RUNPATH_SEARCH_PATHS = (
					"$(inherited)",
					"@executable_path/Frameworks",
				);
				PRODUCT_BUNDLE_IDENTIFIER = "com.firefly.StartProject-iOS";
				PRODUCT_NAME = "$(TARGET_NAME)";
				TARGETED_DEVICE_FAMILY = "1,2";
			};
			name = Release;
		};
		4F73123022D5C0DD0017443B /* Debug */ = {
			isa = XCBuildConfiguration;
			buildSettings = {
				BUNDLE_LOADER = "$(TEST_HOST)";
				CODE_SIGN_STYLE = Automatic;
				INFOPLIST_FILE = "StartProject-iOSTests/Info.plist";
				LD_RUNPATH_SEARCH_PATHS = (
					"$(inherited)",
					"@executable_path/Frameworks",
					"@loader_path/Frameworks",
				);
				PRODUCT_BUNDLE_IDENTIFIER = "com.firefly.StartProject-iOSTests";
				PRODUCT_NAME = "$(TARGET_NAME)";
				TARGETED_DEVICE_FAMILY = "1,2";
				TEST_HOST = "$(BUILT_PRODUCTS_DIR)/StartProject-iOS.app/StartProject-iOS";
			};
			name = Debug;
		};
		4F73123122D5C0DD0017443B /* Release */ = {
			isa = XCBuildConfiguration;
			buildSettings = {
				BUNDLE_LOADER = "$(TEST_HOST)";
				CODE_SIGN_STYLE = Automatic;
				INFOPLIST_FILE = "StartProject-iOSTests/Info.plist";
				LD_RUNPATH_SEARCH_PATHS = (
					"$(inherited)",
					"@executable_path/Frameworks",
					"@loader_path/Frameworks",
				);
				PRODUCT_BUNDLE_IDENTIFIER = "com.firefly.StartProject-iOSTests";
				PRODUCT_NAME = "$(TARGET_NAME)";
				TARGETED_DEVICE_FAMILY = "1,2";
				TEST_HOST = "$(BUILT_PRODUCTS_DIR)/StartProject-iOS.app/StartProject-iOS";
			};
			name = Release;
		};
		4F73123322D5C0DD0017443B /* Debug */ = {
			isa = XCBuildConfiguration;
			buildSettings = {
				CODE_SIGN_STYLE = Automatic;
				INFOPLIST_FILE = "StartProject-iOSUITests/Info.plist";
				LD_RUNPATH_SEARCH_PATHS = (
					"$(inherited)",
					"@executable_path/Frameworks",
					"@loader_path/Frameworks",
				);
				PRODUCT_BUNDLE_IDENTIFIER = "com.firefly.StartProject-iOSUITests";
				PRODUCT_NAME = "$(TARGET_NAME)";
				TARGETED_DEVICE_FAMILY = "1,2";
				TEST_TARGET_NAME = "StartProject-iOS";
			};
			name = Debug;
		};
		4F73123422D5C0DD0017443B /* Release */ = {
			isa = XCBuildConfiguration;
			buildSettings = {
				CODE_SIGN_STYLE = Automatic;
				INFOPLIST_FILE = "StartProject-iOSUITests/Info.plist";
				LD_RUNPATH_SEARCH_PATHS = (
					"$(inherited)",
					"@executable_path/Frameworks",
					"@loader_path/Frameworks",
				);
				PRODUCT_BUNDLE_IDENTIFIER = "com.firefly.StartProject-iOSUITests";
				PRODUCT_NAME = "$(TARGET_NAME)";
				TARGETED_DEVICE_FAMILY = "1,2";
				TEST_TARGET_NAME = "StartProject-iOS";
			};
			name = Release;
		};
/* End XCBuildConfiguration section */

/* Begin XCConfigurationList section */
		4F7311FB22D5C0DC0017443B /* Build configuration list for PBXProject "StartProject-iOS" */ = {
			isa = XCConfigurationList;
			buildConfigurations = (
				4F73122A22D5C0DD0017443B /* Debug */,
				4F73122B22D5C0DD0017443B /* Release */,
			);
			defaultConfigurationIsVisible = 0;
			defaultConfigurationName = Release;
		};
		4F73122C22D5C0DD0017443B /* Build configuration list for PBXNativeTarget "StartProject-iOS" */ = {
			isa = XCConfigurationList;
			buildConfigurations = (
				4F73122D22D5C0DD0017443B /* Debug */,
				4F73122E22D5C0DD0017443B /* Release */,
			);
			defaultConfigurationIsVisible = 0;
			defaultConfigurationName = Release;
		};
		4F73122F22D5C0DD0017443B /* Build configuration list for PBXNativeTarget "StartProject-iOSTests" */ = {
			isa = XCConfigurationList;
			buildConfigurations = (
				4F73123022D5C0DD0017443B /* Debug */,
				4F73123122D5C0DD0017443B /* Release */,
			);
			defaultConfigurationIsVisible = 0;
			defaultConfigurationName = Release;
		};
		4F73123222D5C0DD0017443B /* Build configuration list for PBXNativeTarget "StartProject-iOSUITests" */ = {
			isa = XCConfigurationList;
			buildConfigurations = (
				4F73123322D5C0DD0017443B /* Debug */,
				4F73123422D5C0DD0017443B /* Release */,
			);
			defaultConfigurationIsVisible = 0;
			defaultConfigurationName = Release;
		};
/* End XCConfigurationList section */
	};
	rootObject = 4F7311F822D5C0DC0017443B /* Project object */;
}
